
Microsoft Visual Studio Solution File, Format Version 12.00
# Visual Studio Version 16
VisualStudioVersion = 16.0.31112.23
MinimumVisualStudioVersion = 10.0.40219.1
Project("{FAE04EC0-301F-11D3-BF4B-00C04F79EFBC}") = "TheBorderRestaurant", "TheBorderRestaurant\TheBorderRestaurant.csproj", "{09F57665-5EB5-4B6A-8858-0BBC567E2DF4}"
EndProject
Project("{FAE04EC0-301F-11D3-BF4B-00C04F79EFBC}") = "TheBorderRestaurantTests", "TheBorderRestaurantTests\TheBorderRestaurantTests.csproj", "{4A3629D3-0D9A-4066-9005-7790614C3B3A}"
EndProject
Global
	GlobalSection(SolutionConfigurationPlatforms) = preSolution
		Debug|Any CPU = Debug|Any CPU
		Release|Any CPU = Release|Any CPU
	EndGlobalSection
	GlobalSection(ProjectConfigurationPlatforms) = postSolution
		{09F57665-5EB5-4B6A-8858-0BBC567E2DF4}.Debug|Any CPU.ActiveCfg = Debug|Any CPU
		{09F57665-5EB5-4B6A-8858-0BBC567E2DF4}.Debug|Any CPU.Build.0 = Debug|Any CPU
		{09F57665-5EB5-4B6A-8858-0BBC567E2DF4}.Release|Any CPU.ActiveCfg = Release|Any CPU
		{09F57665-5EB5-4B6A-8858-0BBC567E2DF4}.Release|Any CPU.Build.0 = Release|Any CPU
		{4A3629D3-0D9A-4066-9005-7790614C3B3A}.Debug|Any CPU.ActiveCfg = Debug|Any CPU
		{4A3629D3-0D9A-4066-9005-7790614C3B3A}.Debug|Any CPU.Build.0 = Debug|Any CPU
		{4A3629D3-0D9A-4066-9005-7790614C3B3A}.Release|Any CPU.ActiveCfg = Release|Any CPU
		{4A3629D3-0D9A-4066-9005-7790614C3B3A}.Release|Any CPU.Build.0 = Release|Any CPU
	EndGlobalSection
	GlobalSection(SolutionProperties) = preSolution
		HideSolutionNode = FALSE
	EndGlobalSection
	GlobalSection(ExtensibilityGlobals) = postSolution
		SolutionGuid = {3D3909AE-20DF-4294-B036-73A37FF1FB76}
	EndGlobalSection
EndGlobal
